
Microsoft Visual Studio Solution File, Format Version 12.00
# Visual Studio 14
VisualStudioVersion = 14.0.23107.0
MinimumVisualStudioVersion = 10.0.40219.1
Project("{FAE04EC0-301F-11D3-BF4B-00C04F79EFBC}") = "ktv.model", "ktv.model\ktv.model.csproj", "{7F4BD215-B772-40C8-9D09-7B5F9D5D5987}"
EndProject
Project("{FAE04EC0-301F-11D3-BF4B-00C04F79EFBC}") = "Ktv.WebApi", "Ktv.WebApi\Ktv.WebApi.csproj", "{DBB0E982-A565-4621-AF05-8279E6A0E9DE}"
EndProject
Project("{FAE04EC0-301F-11D3-BF4B-00C04F79EFBC}") = "Ktv.YuDing", "Ktv.YuDing\Ktv.YuDing.csproj", "{614E7DE7-8883-4B41-BA43-B16690DBF152}"
EndProject
Global
	GlobalSection(SolutionConfigurationPlatforms) = preSolution
		Debug|Any CPU = Debug|Any CPU
		Release|Any CPU = Release|Any CPU
	EndGlobalSection
	GlobalSection(ProjectConfigurationPlatforms) = postSolution
		{7F4BD215-B772-40C8-9D09-7B5F9D5D5987}.Debug|Any CPU.ActiveCfg = Debug|Any CPU
		{7F4BD215-B772-40C8-9D09-7B5F9D5D5987}.Debug|Any CPU.Build.0 = Debug|Any CPU
		{7F4BD215-B772-40C8-9D09-7B5F9D5D5987}.Release|Any CPU.ActiveCfg = Release|Any CPU
		{7F4BD215-B772-40C8-9D09-7B5F9D5D5987}.Release|Any CPU.Build.0 = Release|Any CPU
		{DBB0E982-A565-4621-AF05-8279E6A0E9DE}.Debug|Any CPU.ActiveCfg = Debug|Any CPU
		{DBB0E982-A565-4621-AF05-8279E6A0E9DE}.Debug|Any CPU.Build.0 = Debug|Any CPU
		{DBB0E982-A565-4621-AF05-8279E6A0E9DE}.Release|Any CPU.ActiveCfg = Release|Any CPU
		{DBB0E982-A565-4621-AF05-8279E6A0E9DE}.Release|Any CPU.Build.0 = Release|Any CPU
		{614E7DE7-8883-4B41-BA43-B16690DBF152}.Debug|Any CPU.ActiveCfg = Debug|Any CPU
		{614E7DE7-8883-4B41-BA43-B16690DBF152}.Debug|Any CPU.Build.0 = Debug|Any CPU
		{614E7DE7-8883-4B41-BA43-B16690DBF152}.Release|Any CPU.ActiveCfg = Release|Any CPU
		{614E7DE7-8883-4B41-BA43-B16690DBF152}.Release|Any CPU.Build.0 = Release|Any CPU
	EndGlobalSection
	GlobalSection(SolutionProperties) = preSolution
		HideSolutionNode = FALSE
	EndGlobalSection
EndGlobal
